{
	"name": "lag-syntax-highlighter",
	"version": "5.6.20",
	"lockfileVersion": 2,
	"requires": true,
	"packages": {
		"": {
			"name": "lag-syntax-highlighter",
			"version": "5.6.20",
			"dependencies": {
				"web-tree-sitter": "^0.20.8"
			},
			"engines": {
				"vscode": "^1.85.0"
			}
		},
		"node_modules/web-tree-sitter": {
			"version": "0.20.8",
			"resolved": "https://registry.npmjs.org/web-tree-sitter/-/web-tree-sitter-0.20.8.tgz",
			"integrity": "sha512-weOVgZ3aAARgdnb220GqYuh7+rZU0Ka9k9yfKtGAzEYMa6GgiCzW9JjQRJyCJakvibQW+dfjJdihjInKuuCAUQ=="
		}
	},
	"dependencies": {
		"web-tree-sitter": {
			"version": "0.20.8",
			"resolved": "https://registry.npmjs.org/web-tree-sitter/-/web-tree-sitter-0.20.8.tgz",
			"integrity": "sha512-weOVgZ3aAARgdnb220GqYuh7+rZU0Ka9k9yfKtGAzEYMa6GgiCzW9JjQRJyCJakvibQW+dfjJdihjInKuuCAUQ=="
		}
	}
}
